# This file was autogenerated by uv via the following command:
#    uv export --format requirements-txt --no-hashes -o requirements.lock
attrs==26.1.0
    # via zeep
certifi==2026.6.17
    # via requests
cffi==2.0.0 ; platform_python_implementation != 'PyPy' and sys_platform == 'linux'
    # via cryptography
charset-normalizer==3.4.7
    # via requests
colorama==0.4.6 ; sys_platform == 'win32'
    # via tqdm
cryptography==49.0.0 ; sys_platform == 'linux'
    # via secretstorage
greenlet==3.5.2 ; platform_machine == 'AMD64' or platform_machine == 'WIN32' or platform_machine == 'aarch64' or platform_machine == 'amd64' or platform_machine == 'ppc64le' or platform_machine == 'win32' or platform_machine == 'x86_64'
    # via sqlalchemy
idna==3.18
    # via requests
isodate==0.7.2
    # via zeep
jaraco-classes==3.4.0
    # via keyring
jaraco-context==6.1.2
    # via keyring
jaraco-functools==4.5.0
    # via keyring
jeepney==0.9.0 ; sys_platform == 'linux'
    # via
    #   keyring
    #   secretstorage
keyring==25.7.0
    # via open-mastr
lxml==6.1.1
    # via zeep
more-itertools==11.1.0
    # via
    #   jaraco-classes
    #   jaraco-functools
numpy==2.4.6
    # via
    #   open-mastr
    #   pandas
open-mastr==0.17.1
    # via goldentime-pipeline
pandas==3.0.3
    # via open-mastr
platformdirs==4.10.0
    # via zeep
psycopg2-binary==2.9.12
    # via open-mastr
pycparser==3.0 ; implementation_name != 'PyPy' and platform_python_implementation != 'PyPy' and sys_platform == 'linux'
    # via cffi
python-dateutil==2.9.0.post0
    # via pandas
pytz==2026.2
    # via zeep
pywin32-ctypes==0.2.3 ; sys_platform == 'win32'
    # via keyring
pyyaml==6.0.3
    # via open-mastr
requests==2.34.2
    # via
    #   open-mastr
    #   requests-file
    #   requests-toolbelt
    #   zeep
requests-file==3.0.1
    # via zeep
requests-toolbelt==1.0.0
    # via zeep
secretstorage==3.5.0 ; sys_platform == 'linux'
    # via keyring
six==1.17.0
    # via python-dateutil
sqlalchemy==2.0.51
    # via open-mastr
tqdm==4.68.3
    # via open-mastr
typing-extensions==4.15.0
    # via sqlalchemy
tzdata==2026.2 ; sys_platform == 'emscripten' or sys_platform == 'win32'
    # via pandas
urllib3==2.7.0
    # via requests
xmltodict==1.0.4
    # via open-mastr
zeep==4.3.2
    # via open-mastr
